// !$*UTF8*$!
{
	archiveVersion = 1;
	classes = {
	};
	objectVersion = 50;
	objects = {

/* Begin PBXBuildFile section */
		DD8A1FA42442599900CFD59D /* shader.cpp in Sources */ = {isa = PBXBuildFile; fileRef = DD8A1FA22442599900CFD59D /* shader.cpp */; };
		DDA3BE20243E981B0069EF2D /* main.cpp in Sources */ = {isa = PBXBuildFile; fileRef = DDA3BE1F243E981B0069EF2D /* main.cpp */; };
		DDA3D10C243E99BB0069EF2D /* OpenGL.framework in Frameworks */ = {isa = PBXBuildFile; fileRef = DDA3D10B243E99BB0069EF2D /* OpenGL.framework */; };
		DDA3D10E243E99D60069EF2D /* libGLEW.2.1.0.dylib in Frameworks */ = {isa = PBXBuildFile; fileRef = DDA3D10D243E99D60069EF2D /* libGLEW.2.1.0.dylib */; };
		DDA3D110243E99F60069EF2D /* libglfw.3.3.dylib in Frameworks */ = {isa = PBXBuildFile; fileRef = DDA3D10F243E99F60069EF2D /* libglfw.3.3.dylib */; };
		DDEEE16324426C3A0078BA75 /* objloader.cpp in Sources */ = {isa = PBXBuildFile; fileRef = DDEEE16124426C3A0078BA75 /* objloader.cpp */; };
		DDEEE167244277C90078BA75 /* control.cpp in Sources */ = {isa = PBXBuildFile; fileRef = DDEEE165244277C90078BA75 /* control.cpp */; };
/* End PBXBuildFile section */

/* Begin PBXCopyFilesBuildPhase section */
		DDA3BE1A243E981B0069EF2D /* CopyFiles */ = {
			isa = PBXCopyFilesBuildPhase;
			buildActionMask = 2147483647;
			dstPath = /usr/share/man/man1/;
			dstSubfolderSpec = 0;
			files = (
			);
			runOnlyForDeploymentPostprocessing = 1;
		};
/* End PBXCopyFilesBuildPhase section */

/* Begin PBXFileReference section */
		DD8A1FA22442599900CFD59D /* shader.cpp */ = {isa = PBXFileReference; lastKnownFileType = sourcecode.cpp.cpp; path = shader.cpp; sourceTree = "<group>"; };
		DD8A1FA32442599900CFD59D /* shader.hpp */ = {isa = PBXFileReference; lastKnownFileType = sourcecode.cpp.h; path = shader.hpp; sourceTree = "<group>"; };
		DD8A1FA524425A3F00CFD59D /* fragmentShader */ = {isa = PBXFileReference; lastKnownFileType = text; path = fragmentShader; sourceTree = "<group>"; };
		DD8A1FA624425A5A00CFD59D /* vertexShader */ = {isa = PBXFileReference; lastKnownFileType = text; path = vertexShader; sourceTree = "<group>"; };
		DDA3BE1C243E981B0069EF2D /* OpenGL Demo */ = {isa = PBXFileReference; explicitFileType = "compiled.mach-o.executable"; includeInIndex = 0; path = "OpenGL Demo"; sourceTree = BUILT_PRODUCTS_DIR; };
		DDA3BE1F243E981B0069EF2D /* main.cpp */ = {isa = PBXFileReference; lastKnownFileType = sourcecode.cpp.cpp; path = main.cpp; sourceTree = "<group>"; };
		DDA3D10B243E99BB0069EF2D /* OpenGL.framework */ = {isa = PBXFileReference; lastKnownFileType = wrapper.framework; name = OpenGL.framework; path = System/Library/Frameworks/OpenGL.framework; sourceTree = SDKROOT; };
		DDA3D10D243E99D60069EF2D /* libGLEW.2.1.0.dylib */ = {isa = PBXFileReference; lastKnownFileType = "compiled.mach-o.dylib"; name = libGLEW.2.1.0.dylib; path = ../../../../../usr/local/Cellar/glew/2.1.0_1/lib/libGLEW.2.1.0.dylib; sourceTree = "<group>"; };
		DDA3D10F243E99F60069EF2D /* libglfw.3.3.dylib */ = {isa = PBXFileReference; lastKnownFileType = "compiled.mach-o.dylib"; name = libglfw.3.3.dylib; path = ../../../../../usr/local/Cellar/glfw/3.3.2/lib/libglfw.3.3.dylib; sourceTree = "<group>"; };
		DDEEE16124426C3A0078BA75 /* objloader.cpp */ = {isa = PBXFileReference; lastKnownFileType = sourcecode.cpp.cpp; path = objloader.cpp; sourceTree = "<group>"; };
		DDEEE16224426C3A0078BA75 /* objloader.hpp */ = {isa = PBXFileReference; lastKnownFileType = sourcecode.cpp.h; path = objloader.hpp; sourceTree = "<group>"; };
		DDEEE164244271D10078BA75 /* cube.obj */ = {isa = PBXFileReference; lastKnownFileType = text; path = cube.obj; sourceTree = "<group>"; };
		DDEEE165244277C90078BA75 /* control.cpp */ = {isa = PBXFileReference; lastKnownFileType = sourcecode.cpp.cpp; path = control.cpp; sourceTree = "<group>"; };
		DDEEE166244277C90078BA75 /* control.hpp */ = {isa = PBXFileReference; lastKnownFileType = sourcecode.cpp.h; path = control.hpp; sourceTree = "<group>"; };
		DDEEE16824427B1C0078BA75 /* pumpkin.obj */ = {isa = PBXFileReference; lastKnownFileType = text; path = pumpkin.obj; sourceTree = "<group>"; };
		DDEEE169244410B50078BA75 /* cow.obj */ = {isa = PBXFileReference; lastKnownFileType = text; path = cow.obj; sourceTree = "<group>"; };
		DDEEE16A244977B10078BA75 /* shadowVertexShader */ = {isa = PBXFileReference; lastKnownFileType = text; path = shadowVertexShader; sourceTree = "<group>"; };
		DDEEE16B244977C90078BA75 /* shadowFragmentShader */ = {isa = PBXFileReference; lastKnownFileType = text; path = shadowFragmentShader; sourceTree = "<group>"; };
/* End PBXFileReference section */

/* Begin PBXFrameworksBuildPhase section */
		DDA3BE19243E981B0069EF2D /* Frameworks */ = {
			isa = PBXFrameworksBuildPhase;
			buildActionMask = 2147483647;
			files = (
				DDA3D110243E99F60069EF2D /* libglfw.3.3.dylib in Frameworks */,
				DDA3D10E243E99D60069EF2D /* libGLEW.2.1.0.dylib in Frameworks */,
				DDA3D10C243E99BB0069EF2D /* OpenGL.framework in Frameworks */,
			);
			runOnlyForDeploymentPostprocessing = 0;
		};
/* End PBXFrameworksBuildPhase section */

/* Begin PBXGroup section */
		DD8A1FA12442596300CFD59D /* helper */ = {
			isa = PBXGroup;
			children = (
				DD8A1FA22442599900CFD59D /* shader.cpp */,
				DD8A1FA32442599900CFD59D /* shader.hpp */,
				DDEEE16124426C3A0078BA75 /* objloader.cpp */,
				DDEEE16224426C3A0078BA75 /* objloader.hpp */,
				DDEEE165244277C90078BA75 /* control.cpp */,
				DDEEE166244277C90078BA75 /* control.hpp */,
			);
			path = helper;
			sourceTree = "<group>";
		};
		DDA3BE13243E981B0069EF2D = {
			isa = PBXGroup;
			children = (
				DDA3BE1E243E981B0069EF2D /* OpenGL Demo */,
				DDA3BE1D243E981B0069EF2D /* Products */,
				DDA3D10A243E99BB0069EF2D /* Frameworks */,
			);
			sourceTree = "<group>";
		};
		DDA3BE1D243E981B0069EF2D /* Products */ = {
			isa = PBXGroup;
			children = (
				DDA3BE1C243E981B0069EF2D /* OpenGL Demo */,
			);
			name = Products;
			sourceTree = "<group>";
		};
		DDA3BE1E243E981B0069EF2D /* OpenGL Demo */ = {
			isa = PBXGroup;
			children = (
				DD8A1FA12442596300CFD59D /* helper */,
				DDA3BE1F243E981B0069EF2D /* main.cpp */,
				DD8A1FA524425A3F00CFD59D /* fragmentShader */,
				DD8A1FA624425A5A00CFD59D /* vertexShader */,
				DDEEE164244271D10078BA75 /* cube.obj */,
				DDEEE16824427B1C0078BA75 /* pumpkin.obj */,
				DDEEE169244410B50078BA75 /* cow.obj */,
				DDEEE16A244977B10078BA75 /* shadowVertexShader */,
				DDEEE16B244977C90078BA75 /* shadowFragmentShader */,
			);
			path = "OpenGL Demo";
			sourceTree = "<group>";
		};
		DDA3D10A243E99BB0069EF2D /* Frameworks */ = {
			isa = PBXGroup;
			children = (
				DDA3D10F243E99F60069EF2D /* libglfw.3.3.dylib */,
				DDA3D10D243E99D60069EF2D /* libGLEW.2.1.0.dylib */,
				DDA3D10B243E99BB0069EF2D /* OpenGL.framework */,
			);
			name = Frameworks;
			sourceTree = "<group>";
		};
/* End PBXGroup section */

/* Begin PBXNativeTarget section */
		DDA3BE1B243E981B0069EF2D /* OpenGL Demo */ = {
			isa = PBXNativeTarget;
			buildConfigurationList = DDA3BE23243E981B0069EF2D /* Build configuration list for PBXNativeTarget "OpenGL Demo" */;
			buildPhases = (
				DDA3BE18243E981B0069EF2D /* Sources */,
				DDA3BE19243E981B0069EF2D /* Frameworks */,
				DDA3BE1A243E981B0069EF2D /* CopyFiles */,
			);
			buildRules = (
			);
			dependencies = (
			);
			name = "OpenGL Demo";
			productName = "OpenGL Demo";
			productReference = DDA3BE1C243E981B0069EF2D /* OpenGL Demo */;
			productType = "com.apple.product-type.tool";
		};
/* End PBXNativeTarget section */

/* Begin PBXProject section */
		DDA3BE14243E981B0069EF2D /* Project object */ = {
			isa = PBXProject;
			attributes = {
				LastUpgradeCheck = 1140;
				ORGANIZATIONNAME = "Stone Zhu";
				TargetAttributes = {
					DDA3BE1B243E981B0069EF2D = {
						CreatedOnToolsVersion = 11.4;
					};
				};
			};
			buildConfigurationList = DDA3BE17243E981B0069EF2D /* Build configuration list for PBXProject "OpenGL Demo" */;
			compatibilityVersion = "Xcode 9.3";
			developmentRegion = en;
			hasScannedForEncodings = 0;
			knownRegions = (
				en,
				Base,
			);
			mainGroup = DDA3BE13243E981B0069EF2D;
			productRefGroup = DDA3BE1D243E981B0069EF2D /* Products */;
			projectDirPath = "";
			projectRoot = "";
			targets = (
				DDA3BE1B243E981B0069EF2D /* OpenGL Demo */,
			);
		};
/* End PBXProject section */

/* Begin PBXSourcesBuildPhase section */
		DDA3BE18243E981B0069EF2D /* Sources */ = {
			isa = PBXSourcesBuildPhase;
			buildActionMask = 2147483647;
			files = (
				DD8A1FA42442599900CFD59D /* shader.cpp in Sources */,
				DDEEE167244277C90078BA75 /* control.cpp in Sources */,
				DDEEE16324426C3A0078BA75 /* objloader.cpp in Sources */,
				DDA3BE20243E981B0069EF2D /* main.cpp in Sources */,
			);
			runOnlyForDeploymentPostprocessing = 0;
		};
/* End PBXSourcesBuildPhase section */

/* Begin XCBuildConfiguration section */
		DDA3BE21243E981B0069EF2D /* Debug */ = {
			isa = XCBuildConfiguration;
			buildSettings = {
				ALWAYS_SEARCH_USER_PATHS = NO;
				CLANG_ANALYZER_NONNULL = YES;
				CLANG_ANALYZER_NUMBER_OBJECT_CONVERSION = YES_AGGRESSIVE;
				CLANG_CXX_LANGUAGE_STANDARD = "gnu++14";
				CLANG_CXX_LIBRARY = "libc++";
				CLANG_ENABLE_MODULES = YES;
				CLANG_ENABLE_OBJC_ARC = YES;
				CLANG_ENABLE_OBJC_WEAK = YES;
				CLANG_WARN_BLOCK_CAPTURE_AUTORELEASING = YES;
				CLANG_WARN_BOOL_CONVERSION = YES;
				CLANG_WARN_COMMA = YES;
				CLANG_WARN_CONSTANT_CONVERSION = YES;
				CLANG_WARN_DEPRECATED_OBJC_IMPLEMENTATIONS = YES;
				CLANG_WARN_DIRECT_OBJC_ISA_USAGE = YES_ERROR;
				CLANG_WARN_DOCUMENTATION_COMMENTS = YES;
				CLANG_WARN_EMPTY_BODY = YES;
				CLANG_WARN_ENUM_CONVERSION = YES;
				CLANG_WARN_INFINITE_RECURSION = YES;
				CLANG_WARN_INT_CONVERSION = YES;
				CLANG_WARN_NON_LITERAL_NULL_CONVERSION = YES;
				CLANG_WARN_OBJC_IMPLICIT_RETAIN_SELF = YES;
				CLANG_WARN_OBJC_LITERAL_CONVERSION = YES;
				CLANG_WARN_OBJC_ROOT_CLASS = YES_ERROR;
				CLANG_WARN_RANGE_LOOP_ANALYSIS = YES;
				CLANG_WARN_STRICT_PROTOTYPES = YES;
				CLANG_WARN_SUSPICIOUS_MOVE = YES;
				CLANG_WARN_UNGUARDED_AVAILABILITY = YES_AGGRESSIVE;
				CLANG_WARN_UNREACHABLE_CODE = YES;
				CLANG_WARN__DUPLICATE_METHOD_MATCH = YES;
				COPY_PHASE_STRIP = NO;
				DEBUG_INFORMATION_FORMAT = dwarf;
				ENABLE_STRICT_OBJC_MSGSEND = YES;
				ENABLE_TESTABILITY = YES;
				GCC_C_LANGUAGE_STANDARD = gnu11;
				GCC_DYNAMIC_NO_PIC = NO;
				GCC_NO_COMMON_BLOCKS = YES;
				GCC_OPTIMIZATION_LEVEL = 0;
				GCC_PREPROCESSOR_DEFINITIONS = (
					"DEBUG=1",
					"$(inherited)",
				);
				GCC_WARN_64_TO_32_BIT_CONVERSION = YES;
				GCC_WARN_ABOUT_RETURN_TYPE = YES_ERROR;
				GCC_WARN_UNDECLARED_SELECTOR = YES;
				GCC_WARN_UNINITIALIZED_AUTOS = YES_AGGRESSIVE;
				GCC_WARN_UNUSED_FUNCTION = YES;
				GCC_WARN_UNUSED_VARIABLE = YES;
				HEADER_SEARCH_PATHS = /usr/local/include;
				MACOSX_DEPLOYMENT_TARGET = 10.15;
				MTL_ENABLE_DEBUG_INFO = INCLUDE_SOURCE;
				MTL_FAST_MATH = YES;
				ONLY_ACTIVE_ARCH = YES;
				SDKROOT = macosx;
			};
			name = Debug;
		};
		DDA3BE22243E981B0069EF2D /* Release */ = {
			isa = XCBuildConfiguration;
			buildSettings = {
				ALWAYS_SEARCH_USER_PATHS = NO;
				CLANG_ANALYZER_NONNULL = YES;
				CLANG_ANALYZER_NUMBER_OBJECT_CONVERSION = YES_AGGRESSIVE;
				CLANG_CXX_LANGUAGE_STANDARD = "gnu++14";
				CLANG_CXX_LIBRARY = "libc++";
				CLANG_ENABLE_MODULES = YES;
				CLANG_ENABLE_OBJC_ARC = YES;
				CLANG_ENABLE_OBJC_WEAK = YES;
				CLANG_WARN_BLOCK_CAPTURE_AUTORELEASING = YES;
				CLANG_WARN_BOOL_CONVERSION = YES;
				CLANG_WARN_COMMA = YES;
				CLANG_WARN_CONSTANT_CONVERSION = YES;
				CLANG_WARN_DEPRECATED_OBJC_IMPLEMENTATIONS = YES;
				CLANG_WARN_DIRECT_OBJC_ISA_USAGE = YES_ERROR;
				CLANG_WARN_DOCUMENTATION_COMMENTS = YES;
				CLANG_WARN_EMPTY_BODY = YES;
				CLANG_WARN_ENUM_CONVERSION = YES;
				CLANG_WARN_INFINITE_RECURSION = YES;
				CLANG_WARN_INT_CONVERSION = YES;
				CLANG_WARN_NON_LITERAL_NULL_CONVERSION = YES;
				CLANG_WARN_OBJC_IMPLICIT_RETAIN_SELF = YES;
				CLANG_WARN_OBJC_LITERAL_CONVERSION = YES;
				CLANG_WARN_OBJC_ROOT_CLASS = YES_ERROR;
				CLANG_WARN_RANGE_LOOP_ANALYSIS = YES;
				CLANG_WARN_STRICT_PROTOTYPES = YES;
				CLANG_WARN_SUSPICIOUS_MOVE = YES;
				CLANG_WARN_UNGUARDED_AVAILABILITY = YES_AGGRESSIVE;
				CLANG_WARN_UNREACHABLE_CODE = YES;
				CLANG_WARN__DUPLICATE_METHOD_MATCH = YES;
				COPY_PHASE_STRIP = NO;
				DEBUG_INFORMATION_FORMAT = "dwarf-with-dsym";
				ENABLE_NS_ASSERTIONS = NO;
				ENABLE_STRICT_OBJC_MSGSEND = YES;
				GCC_C_LANGUAGE_STANDARD = gnu11;
				GCC_NO_COMMON_BLOCKS = YES;
				GCC_WARN_64_TO_32_BIT_CONVERSION = YES;
				GCC_WARN_ABOUT_RETURN_TYPE = YES_ERROR;
				GCC_WARN_UNDECLARED_SELECTOR = YES;
				GCC_WARN_UNINITIALIZED_AUTOS = YES_AGGRESSIVE;
				GCC_WARN_UNUSED_FUNCTION = YES;
				GCC_WARN_UNUSED_VARIABLE = YES;
				HEADER_SEARCH_PATHS = /usr/local/include;
				MACOSX_DEPLOYMENT_TARGET = 10.15;
				MTL_ENABLE_DEBUG_INFO = NO;
				MTL_FAST_MATH = YES;
				SDKROOT = macosx;
			};
			name = Release;
		};
		DDA3BE24243E981B0069EF2D /* Debug */ = {
			isa = XCBuildConfiguration;
			buildSettings = {
				CODE_SIGN_STYLE = Automatic;
				LIBRARY_SEARCH_PATHS = (
					"$(inherited)",
					/usr/local/Cellar/glew/2.1.0_1/lib,
					/usr/local/Cellar/glfw/3.3.2/lib,
				);
				PRODUCT_NAME = "$(TARGET_NAME)";
			};
			name = Debug;
		};
		DDA3BE25243E981B0069EF2D /* Release */ = {
			isa = XCBuildConfiguration;
			buildSettings = {
				CODE_SIGN_STYLE = Automatic;
				LIBRARY_SEARCH_PATHS = (
					"$(inherited)",
					/usr/local/Cellar/glew/2.1.0_1/lib,
					/usr/local/Cellar/glfw/3.3.2/lib,
				);
				PRODUCT_NAME = "$(TARGET_NAME)";
			};
			name = Release;
		};
/* End XCBuildConfiguration section */

/* Begin XCConfigurationList section */
		DDA3BE17243E981B0069EF2D /* Build configuration list for PBXProject "OpenGL Demo" */ = {
			isa = XCConfigurationList;
			buildConfigurations = (
				DDA3BE21243E981B0069EF2D /* Debug */,
				DDA3BE22243E981B0069EF2D /* Release */,
			);
			defaultConfigurationIsVisible = 0;
			defaultConfigurationName = Release;
		};
		DDA3BE23243E981B0069EF2D /* Build configuration list for PBXNativeTarget "OpenGL Demo" */ = {
			isa = XCConfigurationList;
			buildConfigurations = (
				DDA3BE24243E981B0069EF2D /* Debug */,
				DDA3BE25243E981B0069EF2D /* Release */,
			);
			defaultConfigurationIsVisible = 0;
			defaultConfigurationName = Release;
		};
/* End XCConfigurationList section */
	};
	rootObject = DDA3BE14243E981B0069EF2D /* Project object */;
}
